
Microsoft Visual Studio Solution File, Format Version 12.00
# Visual Studio Version 17
VisualStudioVersion = 17.5.33516.290
MinimumVisualStudioVersion = 10.0.40219.1
Project("{FAE04EC0-301F-11D3-BF4B-00C04F79EFBC}") = "StudentsITI.DataAccessLayer", "StudentsITI.DataAccessLayer.csproj", "{83CA969D-641C-40BD-91A9-86ECE9344E75}"
EndProject
Project("{FAE04EC0-301F-11D3-BF4B-00C04F79EFBC}") = "StudentsITI.BusinessLayer", "..\StudentsITI.BusinessLayer\StudentsITI.BusinessLayer.csproj", "{C4A2B513-B551-4FA0-B385-11127688B962}"
EndProject
Project("{FAE04EC0-301F-11D3-BF4B-00C04F79EFBC}") = "SudentsITI.PresentationLayer", "..\SudentsITI.PresentationLayer\SudentsITI.PresentationLayer.csproj", "{72BD8370-DAAF-4849-AABD-72D79187F4D6}"
EndProject
Global
	GlobalSection(SolutionConfigurationPlatforms) = preSolution
		Debug|Any CPU = Debug|Any CPU
		Release|Any CPU = Release|Any CPU
	EndGlobalSection
	GlobalSection(ProjectConfigurationPlatforms) = postSolution
		{83CA969D-641C-40BD-91A9-86ECE9344E75}.Debug|Any CPU.ActiveCfg = Debug|Any CPU
		{83CA969D-641C-40BD-91A9-86ECE9344E75}.Debug|Any CPU.Build.0 = Debug|Any CPU
		{83CA969D-641C-40BD-91A9-86ECE9344E75}.Release|Any CPU.ActiveCfg = Release|Any CPU
		{83CA969D-641C-40BD-91A9-86ECE9344E75}.Release|Any CPU.Build.0 = Release|Any CPU
		{C4A2B513-B551-4FA0-B385-11127688B962}.Debug|Any CPU.ActiveCfg = Debug|Any CPU
		{C4A2B513-B551-4FA0-B385-11127688B962}.Debug|Any CPU.Build.0 = Debug|Any CPU
		{C4A2B513-B551-4FA0-B385-11127688B962}.Release|Any CPU.ActiveCfg = Release|Any CPU
		{C4A2B513-B551-4FA0-B385-11127688B962}.Release|Any CPU.Build.0 = Release|Any CPU
		{72BD8370-DAAF-4849-AABD-72D79187F4D6}.Debug|Any CPU.ActiveCfg = Debug|Any CPU
		{72BD8370-DAAF-4849-AABD-72D79187F4D6}.Debug|Any CPU.Build.0 = Debug|Any CPU
		{72BD8370-DAAF-4849-AABD-72D79187F4D6}.Release|Any CPU.ActiveCfg = Release|Any CPU
		{72BD8370-DAAF-4849-AABD-72D79187F4D6}.Release|Any CPU.Build.0 = Release|Any CPU
	EndGlobalSection
	GlobalSection(SolutionProperties) = preSolution
		HideSolutionNode = FALSE
	EndGlobalSection
	GlobalSection(ExtensibilityGlobals) = postSolution
		SolutionGuid = {DB8FF5E6-3037-4104-B8E7-28582D0B48D5}
	EndGlobalSection
EndGlobal
