
Microsoft Visual Studio Solution File, Format Version 12.00
# Visual Studio Version 17
VisualStudioVersion = 17.5.33516.290
MinimumVisualStudioVersion = 10.0.40219.1
Project("{FAE04EC0-301F-11D3-BF4B-00C04F79EFBC}") = "DisconnectedStudentITI", "DisconnectedStudentITI.csproj", "{95139CA2-A348-41E0-9388-ECD3740DAA3D}"
EndProject
Global
	GlobalSection(SolutionConfigurationPlatforms) = preSolution
		Debug|Any CPU = Debug|Any CPU
		Release|Any CPU = Release|Any CPU
	EndGlobalSection
	GlobalSection(ProjectConfigurationPlatforms) = postSolution
		{95139CA2-A348-41E0-9388-ECD3740DAA3D}.Debug|Any CPU.ActiveCfg = Debug|Any CPU
		{95139CA2-A348-41E0-9388-ECD3740DAA3D}.Debug|Any CPU.Build.0 = Debug|Any CPU
		{95139CA2-A348-41E0-9388-ECD3740DAA3D}.Release|Any CPU.ActiveCfg = Release|Any CPU
		{95139CA2-A348-41E0-9388-ECD3740DAA3D}.Release|Any CPU.Build.0 = Release|Any CPU
	EndGlobalSection
	GlobalSection(SolutionProperties) = preSolution
		HideSolutionNode = FALSE
	EndGlobalSection
	GlobalSection(ExtensibilityGlobals) = postSolution
		SolutionGuid = {06D78CE9-90B8-4D9A-9A75-57C455C34340}
	EndGlobalSection
EndGlobal
